
Microsoft Visual Studio Solution File, Format Version 12.00
Project("{FAE04EC0-301F-11D3-BF4B-00C04F79EFBC}") = "LIA", "LIA\LIA.csproj", "{B754CBAE-F69B-42E6-8D99-AAC2F0D12680}"
EndProject
Project("{FAE04EC0-301F-11D3-BF4B-00C04F79EFBC}") = "test", "test\test.csproj", "{B3D40CB4-AB88-4389-9F14-9E17412CA188}"
EndProject
Global
	GlobalSection(SolutionConfigurationPlatforms) = preSolution
		Debug|Any CPU = Debug|Any CPU
		Release|Any CPU = Release|Any CPU
	EndGlobalSection
	GlobalSection(ProjectConfigurationPlatforms) = postSolution
		{B754CBAE-F69B-42E6-8D99-AAC2F0D12680}.Debug|Any CPU.ActiveCfg = Debug|Any CPU
		{B754CBAE-F69B-42E6-8D99-AAC2F0D12680}.Debug|Any CPU.Build.0 = Debug|Any CPU
		{B754CBAE-F69B-42E6-8D99-AAC2F0D12680}.Release|Any CPU.ActiveCfg = Release|Any CPU
		{B754CBAE-F69B-42E6-8D99-AAC2F0D12680}.Release|Any CPU.Build.0 = Release|Any CPU
		{B3D40CB4-AB88-4389-9F14-9E17412CA188}.Debug|Any CPU.ActiveCfg = Debug|Any CPU
		{B3D40CB4-AB88-4389-9F14-9E17412CA188}.Debug|Any CPU.Build.0 = Debug|Any CPU
		{B3D40CB4-AB88-4389-9F14-9E17412CA188}.Release|Any CPU.ActiveCfg = Release|Any CPU
		{B3D40CB4-AB88-4389-9F14-9E17412CA188}.Release|Any CPU.Build.0 = Release|Any CPU
	EndGlobalSection
EndGlobal
